
Microsoft Visual Studio Solution File, Format Version 12.00
# Visual Studio Version 16
VisualStudioVersion = 16.0.32002.261
MinimumVisualStudioVersion = 10.0.40219.1
Project("{FAE04EC0-301F-11D3-BF4B-00C04F79EFBC}") = "Observer", "Observer.csproj", "{061FEB74-E08F-44E8-8174-64BC4081312B}"
EndProject
Global
	GlobalSection(SolutionConfigurationPlatforms) = preSolution
		Debug|Any CPU = Debug|Any CPU
		Release|Any CPU = Release|Any CPU
	EndGlobalSection
	GlobalSection(ProjectConfigurationPlatforms) = postSolution
		{061FEB74-E08F-44E8-8174-64BC4081312B}.Debug|Any CPU.ActiveCfg = Debug|Any CPU
		{061FEB74-E08F-44E8-8174-64BC4081312B}.Debug|Any CPU.Build.0 = Debug|Any CPU
		{061FEB74-E08F-44E8-8174-64BC4081312B}.Release|Any CPU.ActiveCfg = Release|Any CPU
		{061FEB74-E08F-44E8-8174-64BC4081312B}.Release|Any CPU.Build.0 = Release|Any CPU
	EndGlobalSection
	GlobalSection(SolutionProperties) = preSolution
		HideSolutionNode = FALSE
	EndGlobalSection
	GlobalSection(ExtensibilityGlobals) = postSolution
		SolutionGuid = {B57A42A8-D8EE-4571-AE8A-F14B02F395A3}
	EndGlobalSection
EndGlobal
